// !$*UTF8*$!
{
	archiveVersion = 1;
	classes = {
	};
	objectVersion = 56;
	objects = {

/* Begin PBXBuildFile section */
		681E4A2E2A8B87340093FCD1 /* AppDelegate.swift in Sources */ = {isa = PBXBuildFile; fileRef = 681E4A2D2A8B87340093FCD1 /* AppDelegate.swift */; };
		681E4A302A8B87340093FCD1 /* SceneDelegate.swift in Sources */ = {isa = PBXBuildFile; fileRef = 681E4A2F2A8B87340093FCD1 /* SceneDelegate.swift */; };
		681E4A322A8B87340093FCD1 /* DeliveriesListViewController.swift in Sources */ = {isa = PBXBuildFile; fileRef = 681E4A312A8B87340093FCD1 /* DeliveriesListViewController.swift */; };
		681E4A372A8B87350093FCD1 /* Assets.xcassets in Resources */ = {isa = PBXBuildFile; fileRef = 681E4A362A8B87350093FCD1 /* Assets.xcassets */; };
		681E4A3A2A8B87350093FCD1 /* LaunchScreen.storyboard in Resources */ = {isa = PBXBuildFile; fileRef = 681E4A382A8B87350093FCD1 /* LaunchScreen.storyboard */; };
		68CB82902A8BAAD800EAB2B8 /* DeliveryViewCell.swift in Sources */ = {isa = PBXBuildFile; fileRef = 68CB828F2A8BAAD800EAB2B8 /* DeliveryViewCell.swift */; };
		68CB82932A8BD76000EAB2B8 /* DeliveryCellMembersView.swift in Sources */ = {isa = PBXBuildFile; fileRef = 68CB82922A8BD76000EAB2B8 /* DeliveryCellMembersView.swift */; };
		68CB82952A8BD99A00EAB2B8 /* DeliveryCellFeeView.swift in Sources */ = {isa = PBXBuildFile; fileRef = 68CB82942A8BD99A00EAB2B8 /* DeliveryCellFeeView.swift */; };
		68CB82972A8BE3E800EAB2B8 /* DeliverySummaryViewController.swift in Sources */ = {isa = PBXBuildFile; fileRef = 68CB82962A8BE3E800EAB2B8 /* DeliverySummaryViewController.swift */; };
		68CB82992A8BE43200EAB2B8 /* Delivery.swift in Sources */ = {isa = PBXBuildFile; fileRef = 68CB82982A8BE43200EAB2B8 /* Delivery.swift */; };
		68CB829D2A8BEB8B00EAB2B8 /* DeliverySummaryMembersView.swift in Sources */ = {isa = PBXBuildFile; fileRef = 68CB829C2A8BEB8B00EAB2B8 /* DeliverySummaryMembersView.swift */; };
		68CB82A02A8CA96600EAB2B8 /* WebService.swift in Sources */ = {isa = PBXBuildFile; fileRef = 68CB829F2A8CA96600EAB2B8 /* WebService.swift */; };
		68CB82A32A8CAC3500EAB2B8 /* DeliveriesListViewModel.swift in Sources */ = {isa = PBXBuildFile; fileRef = 68CB82A22A8CAC3500EAB2B8 /* DeliveriesListViewModel.swift */; };
		68CB82A62A8CD6FD00EAB2B8 /* SDWebImage in Frameworks */ = {isa = PBXBuildFile; productRef = 68CB82A52A8CD6FD00EAB2B8 /* SDWebImage */; };
		68CB82A82A8CE61800EAB2B8 /* DeliverySummaryDescriptionView.swift in Sources */ = {isa = PBXBuildFile; fileRef = 68CB82A72A8CE61800EAB2B8 /* DeliverySummaryDescriptionView.swift */; };
		68CB82AA2A8CE98300EAB2B8 /* DeliverySummaryFeeView.swift in Sources */ = {isa = PBXBuildFile; fileRef = 68CB82A92A8CE98300EAB2B8 /* DeliverySummaryFeeView.swift */; };
		68CB82AC2A8CF04500EAB2B8 /* DeliverySummaryFvtBtnView.swift in Sources */ = {isa = PBXBuildFile; fileRef = 68CB82AB2A8CF04500EAB2B8 /* DeliverySummaryFvtBtnView.swift */; };
		68CB82AE2A8CFFB600EAB2B8 /* DeliveryDataModel.swift in Sources */ = {isa = PBXBuildFile; fileRef = 68CB82AD2A8CFFB600EAB2B8 /* DeliveryDataModel.swift */; };
		68CB82B12A8DFEEB00EAB2B8 /* Realm in Frameworks */ = {isa = PBXBuildFile; productRef = 68CB82B02A8DFEEB00EAB2B8 /* Realm */; };
		68CB82B32A8DFEEB00EAB2B8 /* RealmSwift in Frameworks */ = {isa = PBXBuildFile; productRef = 68CB82B22A8DFEEB00EAB2B8 /* RealmSwift */; };
		68CB82B62A8E086700EAB2B8 /* Utils.swift in Sources */ = {isa = PBXBuildFile; fileRef = 68CB82B52A8E086700EAB2B8 /* Utils.swift */; };
		68CB82B82A8E4D9000EAB2B8 /* UI+Extensions.swift in Sources */ = {isa = PBXBuildFile; fileRef = 68CB82B72A8E4D9000EAB2B8 /* UI+Extensions.swift */; };
		68CB82BA2A8E769900EAB2B8 /* Constants.swift in Sources */ = {isa = PBXBuildFile; fileRef = 68CB82B92A8E769900EAB2B8 /* Constants.swift */; };
		68CB82DC2A8F6EA500EAB2B8 /* DeliveriesWebServiceProtocol.swift in Sources */ = {isa = PBXBuildFile; fileRef = 68CB82DB2A8F6EA500EAB2B8 /* DeliveriesWebServiceProtocol.swift */; };
		68CB82EC2A8F6FCF00EAB2B8 /* Realm in Frameworks */ = {isa = PBXBuildFile; productRef = 68CB82EB2A8F6FCF00EAB2B8 /* Realm */; };
		68CB82EE2A8F6FCF00EAB2B8 /* RealmSwift in Frameworks */ = {isa = PBXBuildFile; productRef = 68CB82ED2A8F6FCF00EAB2B8 /* RealmSwift */; };
		68CB82F12A8F6FFF00EAB2B8 /* MockWebService.swift in Sources */ = {isa = PBXBuildFile; fileRef = 68CB82F02A8F6FFF00EAB2B8 /* MockWebService.swift */; };
		68CB82F32A8F702700EAB2B8 /* SDWebImage in Frameworks */ = {isa = PBXBuildFile; productRef = 68CB82F22A8F702700EAB2B8 /* SDWebImage */; };
		68CB82F52A8F702700EAB2B8 /* SDWebImageMapKit in Frameworks */ = {isa = PBXBuildFile; productRef = 68CB82F42A8F702700EAB2B8 /* SDWebImageMapKit */; };
		68CB82F82A8F707200EAB2B8 /* DeliveriesListViewModelTests.swift in Sources */ = {isa = PBXBuildFile; fileRef = 68CB82F72A8F707200EAB2B8 /* DeliveriesListViewModelTests.swift */; };
		68CB83012A8F8AA500EAB2B8 /* DeliverySummaryViewControllerTests.swift in Sources */ = {isa = PBXBuildFile; fileRef = 68CB83002A8F8AA500EAB2B8 /* DeliverySummaryViewControllerTests.swift */; };
		68CB83042A8F8AF900EAB2B8 /* DeliveryCellFeeViewTests.swift in Sources */ = {isa = PBXBuildFile; fileRef = 68CB83032A8F8AF900EAB2B8 /* DeliveryCellFeeViewTests.swift */; };
/* End PBXBuildFile section */

/* Begin PBXContainerItemProxy section */
		68CB82E52A8F6FB300EAB2B8 /* PBXContainerItemProxy */ = {
			isa = PBXContainerItemProxy;
			containerPortal = 681E4A222A8B87340093FCD1 /* Project object */;
			proxyType = 1;
			remoteGlobalIDString = 681E4A292A8B87340093FCD1;
			remoteInfo = DeliveryCompany;
		};
/* End PBXContainerItemProxy section */

/* Begin PBXFileReference section */
		681E4A2A2A8B87340093FCD1 /* DeliveryCompany.app */ = {isa = PBXFileReference; explicitFileType = wrapper.application; includeInIndex = 0; path = DeliveryCompany.app; sourceTree = BUILT_PRODUCTS_DIR; };
		681E4A2D2A8B87340093FCD1 /* AppDelegate.swift */ = {isa = PBXFileReference; lastKnownFileType = sourcecode.swift; path = AppDelegate.swift; sourceTree = "<group>"; };
		681E4A2F2A8B87340093FCD1 /* SceneDelegate.swift */ = {isa = PBXFileReference; lastKnownFileType = sourcecode.swift; path = SceneDelegate.swift; sourceTree = "<group>"; };
		681E4A312A8B87340093FCD1 /* DeliveriesListViewController.swift */ = {isa = PBXFileReference; lastKnownFileType = sourcecode.swift; path = DeliveriesListViewController.swift; sourceTree = "<group>"; };
		681E4A362A8B87350093FCD1 /* Assets.xcassets */ = {isa = PBXFileReference; lastKnownFileType = folder.assetcatalog; path = Assets.xcassets; sourceTree = "<group>"; };
		681E4A392A8B87350093FCD1 /* Base */ = {isa = PBXFileReference; lastKnownFileType = file.storyboard; name = Base; path = Base.lproj/LaunchScreen.storyboard; sourceTree = "<group>"; };
		681E4A3B2A8B87350093FCD1 /* Info.plist */ = {isa = PBXFileReference; lastKnownFileType = text.plist.xml; path = Info.plist; sourceTree = "<group>"; };
		68CB828F2A8BAAD800EAB2B8 /* DeliveryViewCell.swift */ = {isa = PBXFileReference; lastKnownFileType = sourcecode.swift; path = DeliveryViewCell.swift; sourceTree = "<group>"; };
		68CB82922A8BD76000EAB2B8 /* DeliveryCellMembersView.swift */ = {isa = PBXFileReference; lastKnownFileType = sourcecode.swift; path = DeliveryCellMembersView.swift; sourceTree = "<group>"; };
		68CB82942A8BD99A00EAB2B8 /* DeliveryCellFeeView.swift */ = {isa = PBXFileReference; lastKnownFileType = sourcecode.swift; path = DeliveryCellFeeView.swift; sourceTree = "<group>"; };
		68CB82962A8BE3E800EAB2B8 /* DeliverySummaryViewController.swift */ = {isa = PBXFileReference; lastKnownFileType = sourcecode.swift; path = DeliverySummaryViewController.swift; sourceTree = "<group>"; };
		68CB82982A8BE43200EAB2B8 /* Delivery.swift */ = {isa = PBXFileReference; lastKnownFileType = sourcecode.swift; path = Delivery.swift; sourceTree = "<group>"; };
		68CB829C2A8BEB8B00EAB2B8 /* DeliverySummaryMembersView.swift */ = {isa = PBXFileReference; lastKnownFileType = sourcecode.swift; path = DeliverySummaryMembersView.swift; sourceTree = "<group>"; };
		68CB829F2A8CA96600EAB2B8 /* WebService.swift */ = {isa = PBXFileReference; lastKnownFileType = sourcecode.swift; path = WebService.swift; sourceTree = "<group>"; };
		68CB82A22A8CAC3500EAB2B8 /* DeliveriesListViewModel.swift */ = {isa = PBXFileReference; lastKnownFileType = sourcecode.swift; path = DeliveriesListViewModel.swift; sourceTree = "<group>"; };
		68CB82A72A8CE61800EAB2B8 /* DeliverySummaryDescriptionView.swift */ = {isa = PBXFileReference; lastKnownFileType = sourcecode.swift; path = DeliverySummaryDescriptionView.swift; sourceTree = "<group>"; };
		68CB82A92A8CE98300EAB2B8 /* DeliverySummaryFeeView.swift */ = {isa = PBXFileReference; lastKnownFileType = sourcecode.swift; path = DeliverySummaryFeeView.swift; sourceTree = "<group>"; };
		68CB82AB2A8CF04500EAB2B8 /* DeliverySummaryFvtBtnView.swift */ = {isa = PBXFileReference; lastKnownFileType = sourcecode.swift; path = DeliverySummaryFvtBtnView.swift; sourceTree = "<group>"; };
		68CB82AD2A8CFFB600EAB2B8 /* DeliveryDataModel.swift */ = {isa = PBXFileReference; lastKnownFileType = sourcecode.swift; path = DeliveryDataModel.swift; sourceTree = "<group>"; };
		68CB82B52A8E086700EAB2B8 /* Utils.swift */ = {isa = PBXFileReference; lastKnownFileType = sourcecode.swift; path = Utils.swift; sourceTree = "<group>"; };
		68CB82B72A8E4D9000EAB2B8 /* UI+Extensions.swift */ = {isa = PBXFileReference; lastKnownFileType = sourcecode.swift; path = "UI+Extensions.swift"; sourceTree = "<group>"; };
		68CB82B92A8E769900EAB2B8 /* Constants.swift */ = {isa = PBXFileReference; lastKnownFileType = sourcecode.swift; path = Constants.swift; sourceTree = "<group>"; };
		68CB82DB2A8F6EA500EAB2B8 /* DeliveriesWebServiceProtocol.swift */ = {isa = PBXFileReference; lastKnownFileType = sourcecode.swift; path = DeliveriesWebServiceProtocol.swift; sourceTree = "<group>"; };
		68CB82E12A8F6FB300EAB2B8 /* DeliveryCompanyTests.xctest */ = {isa = PBXFileReference; explicitFileType = wrapper.cfbundle; includeInIndex = 0; path = DeliveryCompanyTests.xctest; sourceTree = BUILT_PRODUCTS_DIR; };
		68CB82F02A8F6FFF00EAB2B8 /* MockWebService.swift */ = {isa = PBXFileReference; lastKnownFileType = sourcecode.swift; path = MockWebService.swift; sourceTree = "<group>"; };
		68CB82F72A8F707200EAB2B8 /* DeliveriesListViewModelTests.swift */ = {isa = PBXFileReference; lastKnownFileType = sourcecode.swift; path = DeliveriesListViewModelTests.swift; sourceTree = "<group>"; };
		68CB83002A8F8AA500EAB2B8 /* DeliverySummaryViewControllerTests.swift */ = {isa = PBXFileReference; lastKnownFileType = sourcecode.swift; path = DeliverySummaryViewControllerTests.swift; sourceTree = "<group>"; };
		68CB83032A8F8AF900EAB2B8 /* DeliveryCellFeeViewTests.swift */ = {isa = PBXFileReference; lastKnownFileType = sourcecode.swift; path = DeliveryCellFeeViewTests.swift; sourceTree = "<group>"; };
/* End PBXFileReference section */

/* Begin PBXFrameworksBuildPhase section */
		681E4A272A8B87340093FCD1 /* Frameworks */ = {
			isa = PBXFrameworksBuildPhase;
			buildActionMask = 2147483647;
			files = (
				68CB82B32A8DFEEB00EAB2B8 /* RealmSwift in Frameworks */,
				68CB82B12A8DFEEB00EAB2B8 /* Realm in Frameworks */,
				68CB82A62A8CD6FD00EAB2B8 /* SDWebImage in Frameworks */,
			);
			runOnlyForDeploymentPostprocessing = 0;
		};
		68CB82DE2A8F6FB300EAB2B8 /* Frameworks */ = {
			isa = PBXFrameworksBuildPhase;
			buildActionMask = 2147483647;
			files = (
				68CB82F32A8F702700EAB2B8 /* SDWebImage in Frameworks */,
				68CB82EE2A8F6FCF00EAB2B8 /* RealmSwift in Frameworks */,
				68CB82F52A8F702700EAB2B8 /* SDWebImageMapKit in Frameworks */,
				68CB82EC2A8F6FCF00EAB2B8 /* Realm in Frameworks */,
			);
			runOnlyForDeploymentPostprocessing = 0;
		};
/* End PBXFrameworksBuildPhase section */

/* Begin PBXGroup section */
		681E4A212A8B87340093FCD1 = {
			isa = PBXGroup;
			children = (
				681E4A2C2A8B87340093FCD1 /* DeliveryCompany */,
				68CB82E22A8F6FB300EAB2B8 /* DeliveryCompanyTests */,
				681E4A2B2A8B87340093FCD1 /* Products */,
				68CB82EA2A8F6FCF00EAB2B8 /* Frameworks */,
			);
			sourceTree = "<group>";
		};
		681E4A2B2A8B87340093FCD1 /* Products */ = {
			isa = PBXGroup;
			children = (
				681E4A2A2A8B87340093FCD1 /* DeliveryCompany.app */,
				68CB82E12A8F6FB300EAB2B8 /* DeliveryCompanyTests.xctest */,
			);
			name = Products;
			sourceTree = "<group>";
		};
		681E4A2C2A8B87340093FCD1 /* DeliveryCompany */ = {
			isa = PBXGroup;
			children = (
				68CB82DA2A8F6E8D00EAB2B8 /* Protocols */,
				68CB82B42A8E07A600EAB2B8 /* Utils */,
				68CB828D2A8BAA9200EAB2B8 /* Model */,
				68CB828E2A8BAAA600EAB2B8 /* Views */,
				68CB82A12A8CAB3100EAB2B8 /* View Models */,
				68CB829E2A8CA94500EAB2B8 /* Service */,
				681E4A412A8B8D940093FCD1 /* ViewControllers */,
				681E4A2D2A8B87340093FCD1 /* AppDelegate.swift */,
				681E4A2F2A8B87340093FCD1 /* SceneDelegate.swift */,
				681E4A362A8B87350093FCD1 /* Assets.xcassets */,
				681E4A382A8B87350093FCD1 /* LaunchScreen.storyboard */,
				681E4A3B2A8B87350093FCD1 /* Info.plist */,
			);
			path = DeliveryCompany;
			sourceTree = "<group>";
		};
		681E4A412A8B8D940093FCD1 /* ViewControllers */ = {
			isa = PBXGroup;
			children = (
				681E4A312A8B87340093FCD1 /* DeliveriesListViewController.swift */,
				68CB82962A8BE3E800EAB2B8 /* DeliverySummaryViewController.swift */,
			);
			path = ViewControllers;
			sourceTree = "<group>";
		};
		68CB828D2A8BAA9200EAB2B8 /* Model */ = {
			isa = PBXGroup;
			children = (
				68CB82AD2A8CFFB600EAB2B8 /* DeliveryDataModel.swift */,
				68CB82982A8BE43200EAB2B8 /* Delivery.swift */,
			);
			path = Model;
			sourceTree = "<group>";
		};
		68CB828E2A8BAAA600EAB2B8 /* Views */ = {
			isa = PBXGroup;
			children = (
				68CB82912A8BD72C00EAB2B8 /* Components */,
			);
			path = Views;
			sourceTree = "<group>";
		};
		68CB82912A8BD72C00EAB2B8 /* Components */ = {
			isa = PBXGroup;
			children = (
				68CB829B2A8BEB0700EAB2B8 /* DeliverySummaryViews */,
				68CB829A2A8BEAEC00EAB2B8 /* DeliveryCellViews */,
			);
			path = Components;
			sourceTree = "<group>";
		};
		68CB829A2A8BEAEC00EAB2B8 /* DeliveryCellViews */ = {
			isa = PBXGroup;
			children = (
				68CB828F2A8BAAD800EAB2B8 /* DeliveryViewCell.swift */,
				68CB82942A8BD99A00EAB2B8 /* DeliveryCellFeeView.swift */,
				68CB82922A8BD76000EAB2B8 /* DeliveryCellMembersView.swift */,
			);
			path = DeliveryCellViews;
			sourceTree = "<group>";
		};
		68CB829B2A8BEB0700EAB2B8 /* DeliverySummaryViews */ = {
			isa = PBXGroup;
			children = (
				68CB829C2A8BEB8B00EAB2B8 /* DeliverySummaryMembersView.swift */,
				68CB82A72A8CE61800EAB2B8 /* DeliverySummaryDescriptionView.swift */,
				68CB82A92A8CE98300EAB2B8 /* DeliverySummaryFeeView.swift */,
				68CB82AB2A8CF04500EAB2B8 /* DeliverySummaryFvtBtnView.swift */,
			);
			path = DeliverySummaryViews;
			sourceTree = "<group>";
		};
		68CB829E2A8CA94500EAB2B8 /* Service */ = {
			isa = PBXGroup;
			children = (
				68CB829F2A8CA96600EAB2B8 /* WebService.swift */,
			);
			path = Service;
			sourceTree = "<group>";
		};
		68CB82A12A8CAB3100EAB2B8 /* View Models */ = {
			isa = PBXGroup;
			children = (
				68CB82A22A8CAC3500EAB2B8 /* DeliveriesListViewModel.swift */,
			);
			path = "View Models";
			sourceTree = "<group>";
		};
		68CB82B42A8E07A600EAB2B8 /* Utils */ = {
			isa = PBXGroup;
			children = (
				68CB82B52A8E086700EAB2B8 /* Utils.swift */,
				68CB82B72A8E4D9000EAB2B8 /* UI+Extensions.swift */,
				68CB82B92A8E769900EAB2B8 /* Constants.swift */,
			);
			path = Utils;
			sourceTree = "<group>";
		};
		68CB82DA2A8F6E8D00EAB2B8 /* Protocols */ = {
			isa = PBXGroup;
			children = (
				68CB82DB2A8F6EA500EAB2B8 /* DeliveriesWebServiceProtocol.swift */,
			);
			path = Protocols;
			sourceTree = "<group>";
		};
		68CB82E22A8F6FB300EAB2B8 /* DeliveryCompanyTests */ = {
			isa = PBXGroup;
			children = (
				68CB83022A8F8AE900EAB2B8 /* Views */,
				68CB82FF2A8F8A8700EAB2B8 /* View Controllers */,
				68CB82F62A8F705200EAB2B8 /* View Model */,
				68CB82EF2A8F6FDD00EAB2B8 /* Mocks */,
			);
			path = DeliveryCompanyTests;
			sourceTree = "<group>";
		};
		68CB82EA2A8F6FCF00EAB2B8 /* Frameworks */ = {
			isa = PBXGroup;
			children = (
			);
			name = Frameworks;
			sourceTree = "<group>";
		};
		68CB82EF2A8F6FDD00EAB2B8 /* Mocks */ = {
			isa = PBXGroup;
			children = (
				68CB82F02A8F6FFF00EAB2B8 /* MockWebService.swift */,
			);
			path = Mocks;
			sourceTree = "<group>";
		};
		68CB82F62A8F705200EAB2B8 /* View Model */ = {
			isa = PBXGroup;
			children = (
				68CB82F72A8F707200EAB2B8 /* DeliveriesListViewModelTests.swift */,
			);
			path = "View Model";
			sourceTree = "<group>";
		};
		68CB82FF2A8F8A8700EAB2B8 /* View Controllers */ = {
			isa = PBXGroup;
			children = (
				68CB83002A8F8AA500EAB2B8 /* DeliverySummaryViewControllerTests.swift */,
			);
			path = "View Controllers";
			sourceTree = "<group>";
		};
		68CB83022A8F8AE900EAB2B8 /* Views */ = {
			isa = PBXGroup;
			children = (
				68CB83032A8F8AF900EAB2B8 /* DeliveryCellFeeViewTests.swift */,
			);
			path = Views;
			sourceTree = "<group>";
		};
/* End PBXGroup section */

/* Begin PBXNativeTarget section */
		681E4A292A8B87340093FCD1 /* DeliveryCompany */ = {
			isa = PBXNativeTarget;
			buildConfigurationList = 681E4A3E2A8B87350093FCD1 /* Build configuration list for PBXNativeTarget "DeliveryCompany" */;
			buildPhases = (
				681E4A262A8B87340093FCD1 /* Sources */,
				681E4A272A8B87340093FCD1 /* Frameworks */,
				681E4A282A8B87340093FCD1 /* Resources */,
			);
			buildRules = (
			);
			dependencies = (
			);
			name = DeliveryCompany;
			packageProductDependencies = (
				68CB82A52A8CD6FD00EAB2B8 /* SDWebImage */,
				68CB82B02A8DFEEB00EAB2B8 /* Realm */,
				68CB82B22A8DFEEB00EAB2B8 /* RealmSwift */,
			);
			productName = DeliveryCompany;
			productReference = 681E4A2A2A8B87340093FCD1 /* DeliveryCompany.app */;
			productType = "com.apple.product-type.application";
		};
		68CB82E02A8F6FB300EAB2B8 /* DeliveryCompanyTests */ = {
			isa = PBXNativeTarget;
			buildConfigurationList = 68CB82E72A8F6FB300EAB2B8 /* Build configuration list for PBXNativeTarget "DeliveryCompanyTests" */;
			buildPhases = (
				68CB82DD2A8F6FB300EAB2B8 /* Sources */,
				68CB82DE2A8F6FB300EAB2B8 /* Frameworks */,
				68CB82DF2A8F6FB300EAB2B8 /* Resources */,
			);
			buildRules = (
			);
			dependencies = (
				68CB82E62A8F6FB300EAB2B8 /* PBXTargetDependency */,
			);
			name = DeliveryCompanyTests;
			packageProductDependencies = (
				68CB82EB2A8F6FCF00EAB2B8 /* Realm */,
				68CB82ED2A8F6FCF00EAB2B8 /* RealmSwift */,
				68CB82F22A8F702700EAB2B8 /* SDWebImage */,
				68CB82F42A8F702700EAB2B8 /* SDWebImageMapKit */,
			);
			productName = DeliveryCompanyTests;
			productReference = 68CB82E12A8F6FB300EAB2B8 /* DeliveryCompanyTests.xctest */;
			productType = "com.apple.product-type.bundle.unit-test";
		};
/* End PBXNativeTarget section */

/* Begin PBXProject section */
		681E4A222A8B87340093FCD1 /* Project object */ = {
			isa = PBXProject;
			attributes = {
				BuildIndependentTargetsInParallel = 1;
				LastSwiftUpdateCheck = 1410;
				LastUpgradeCheck = 1410;
				TargetAttributes = {
					681E4A292A8B87340093FCD1 = {
						CreatedOnToolsVersion = 14.1;
					};
					68CB82E02A8F6FB300EAB2B8 = {
						CreatedOnToolsVersion = 14.1;
						TestTargetID = 681E4A292A8B87340093FCD1;
					};
				};
			};
			buildConfigurationList = 681E4A252A8B87340093FCD1 /* Build configuration list for PBXProject "DeliveryCompany" */;
			compatibilityVersion = "Xcode 14.0";
			developmentRegion = en;
			hasScannedForEncodings = 0;
			knownRegions = (
				en,
				Base,
			);
			mainGroup = 681E4A212A8B87340093FCD1;
			packageReferences = (
				68CB82A42A8CD6FD00EAB2B8 /* XCRemoteSwiftPackageReference "SDWebImage" */,
				68CB82AF2A8DFEEB00EAB2B8 /* XCRemoteSwiftPackageReference "realm-swift" */,
			);
			productRefGroup = 681E4A2B2A8B87340093FCD1 /* Products */;
			projectDirPath = "";
			projectRoot = "";
			targets = (
				681E4A292A8B87340093FCD1 /* DeliveryCompany */,
				68CB82E02A8F6FB300EAB2B8 /* DeliveryCompanyTests */,
			);
		};
/* End PBXProject section */

/* Begin PBXResourcesBuildPhase section */
		681E4A282A8B87340093FCD1 /* Resources */ = {
			isa = PBXResourcesBuildPhase;
			buildActionMask = 2147483647;
			files = (
				681E4A3A2A8B87350093FCD1 /* LaunchScreen.storyboard in Resources */,
				681E4A372A8B87350093FCD1 /* Assets.xcassets in Resources */,
			);
			runOnlyForDeploymentPostprocessing = 0;
		};
		68CB82DF2A8F6FB300EAB2B8 /* Resources */ = {
			isa = PBXResourcesBuildPhase;
			buildActionMask = 2147483647;
			files = (
			);
			runOnlyForDeploymentPostprocessing = 0;
		};
/* End PBXResourcesBuildPhase section */

/* Begin PBXSourcesBuildPhase section */
		681E4A262A8B87340093FCD1 /* Sources */ = {
			isa = PBXSourcesBuildPhase;
			buildActionMask = 2147483647;
			files = (
				68CB82DC2A8F6EA500EAB2B8 /* DeliveriesWebServiceProtocol.swift in Sources */,
				68CB82902A8BAAD800EAB2B8 /* DeliveryViewCell.swift in Sources */,
				68CB82AE2A8CFFB600EAB2B8 /* DeliveryDataModel.swift in Sources */,
				68CB82B62A8E086700EAB2B8 /* Utils.swift in Sources */,
				68CB82952A8BD99A00EAB2B8 /* DeliveryCellFeeView.swift in Sources */,
				681E4A322A8B87340093FCD1 /* DeliveriesListViewController.swift in Sources */,
				68CB82A32A8CAC3500EAB2B8 /* DeliveriesListViewModel.swift in Sources */,
				68CB82A82A8CE61800EAB2B8 /* DeliverySummaryDescriptionView.swift in Sources */,
				681E4A2E2A8B87340093FCD1 /* AppDelegate.swift in Sources */,
				68CB82AA2A8CE98300EAB2B8 /* DeliverySummaryFeeView.swift in Sources */,
				681E4A302A8B87340093FCD1 /* SceneDelegate.swift in Sources */,
				68CB82992A8BE43200EAB2B8 /* Delivery.swift in Sources */,
				68CB82B82A8E4D9000EAB2B8 /* UI+Extensions.swift in Sources */,
				68CB82AC2A8CF04500EAB2B8 /* DeliverySummaryFvtBtnView.swift in Sources */,
				68CB82972A8BE3E800EAB2B8 /* DeliverySummaryViewController.swift in Sources */,
				68CB829D2A8BEB8B00EAB2B8 /* DeliverySummaryMembersView.swift in Sources */,
				68CB82A02A8CA96600EAB2B8 /* WebService.swift in Sources */,
				68CB82932A8BD76000EAB2B8 /* DeliveryCellMembersView.swift in Sources */,
				68CB82BA2A8E769900EAB2B8 /* Constants.swift in Sources */,
			);
			runOnlyForDeploymentPostprocessing = 0;
		};
		68CB82DD2A8F6FB300EAB2B8 /* Sources */ = {
			isa = PBXSourcesBuildPhase;
			buildActionMask = 2147483647;
			files = (
				68CB82F82A8F707200EAB2B8 /* DeliveriesListViewModelTests.swift in Sources */,
				68CB82F12A8F6FFF00EAB2B8 /* MockWebService.swift in Sources */,
				68CB83012A8F8AA500EAB2B8 /* DeliverySummaryViewControllerTests.swift in Sources */,
				68CB83042A8F8AF900EAB2B8 /* DeliveryCellFeeViewTests.swift in Sources */,
			);
			runOnlyForDeploymentPostprocessing = 0;
		};
/* End PBXSourcesBuildPhase section */

/* Begin PBXTargetDependency section */
		68CB82E62A8F6FB300EAB2B8 /* PBXTargetDependency */ = {
			isa = PBXTargetDependency;
			target = 681E4A292A8B87340093FCD1 /* DeliveryCompany */;
			targetProxy = 68CB82E52A8F6FB300EAB2B8 /* PBXContainerItemProxy */;
		};
/* End PBXTargetDependency section */

/* Begin PBXVariantGroup section */
		681E4A382A8B87350093FCD1 /* LaunchScreen.storyboard */ = {
			isa = PBXVariantGroup;
			children = (
				681E4A392A8B87350093FCD1 /* Base */,
			);
			name = LaunchScreen.storyboard;
			sourceTree = "<group>";
		};
/* End PBXVariantGroup section */

/* Begin XCBuildConfiguration section */
		681E4A3C2A8B87350093FCD1 /* Debug */ = {
			isa = XCBuildConfiguration;
			buildSettings = {
				ALWAYS_SEARCH_USER_PATHS = NO;
				CLANG_ANALYZER_NONNULL = YES;
				CLANG_ANALYZER_NUMBER_OBJECT_CONVERSION = YES_AGGRESSIVE;
				CLANG_CXX_LANGUAGE_STANDARD = "gnu++20";
				CLANG_ENABLE_MODULES = YES;
				CLANG_ENABLE_OBJC_ARC = YES;
				CLANG_ENABLE_OBJC_WEAK = YES;
				CLANG_WARN_BLOCK_CAPTURE_AUTORELEASING = YES;
				CLANG_WARN_BOOL_CONVERSION = YES;
				CLANG_WARN_COMMA = YES;
				CLANG_WARN_CONSTANT_CONVERSION = YES;
				CLANG_WARN_DEPRECATED_OBJC_IMPLEMENTATIONS = YES;
				CLANG_WARN_DIRECT_OBJC_ISA_USAGE = YES_ERROR;
				CLANG_WARN_DOCUMENTATION_COMMENTS = YES;
				CLANG_WARN_EMPTY_BODY = YES;
				CLANG_WARN_ENUM_CONVERSION = YES;
				CLANG_WARN_INFINITE_RECURSION = YES;
				CLANG_WARN_INT_CONVERSION = YES;
				CLANG_WARN_NON_LITERAL_NULL_CONVERSION = YES;
				CLANG_WARN_OBJC_IMPLICIT_RETAIN_SELF = YES;
				CLANG_WARN_OBJC_LITERAL_CONVERSION = YES;
				CLANG_WARN_OBJC_ROOT_CLASS = YES_ERROR;
				CLANG_WARN_QUOTED_INCLUDE_IN_FRAMEWORK_HEADER = YES;
				CLANG_WARN_RANGE_LOOP_ANALYSIS = YES;
				CLANG_WARN_STRICT_PROTOTYPES = YES;
				CLANG_WARN_SUSPICIOUS_MOVE = YES;
				CLANG_WARN_UNGUARDED_AVAILABILITY = YES_AGGRESSIVE;
				CLANG_WARN_UNREACHABLE_CODE = YES;
				CLANG_WARN__DUPLICATE_METHOD_MATCH = YES;
				COPY_PHASE_STRIP = NO;
				DEBUG_INFORMATION_FORMAT = dwarf;
				ENABLE_STRICT_OBJC_MSGSEND = YES;
				ENABLE_TESTABILITY = YES;
				GCC_C_LANGUAGE_STANDARD = gnu11;
				GCC_DYNAMIC_NO_PIC = NO;
				GCC_NO_COMMON_BLOCKS = YES;
				GCC_OPTIMIZATION_LEVEL = 0;
				GCC_PREPROCESSOR_DEFINITIONS = (
					"DEBUG=1",
					"$(inherited)",
				);
				GCC_WARN_64_TO_32_BIT_CONVERSION = YES;
				GCC_WARN_ABOUT_RETURN_TYPE = YES_ERROR;
				GCC_WARN_UNDECLARED_SELECTOR = YES;
				GCC_WARN_UNINITIALIZED_AUTOS = YES_AGGRESSIVE;
				GCC_WARN_UNUSED_FUNCTION = YES;
				GCC_WARN_UNUSED_VARIABLE = YES;
				IPHONEOS_DEPLOYMENT_TARGET = 16.1;
				MTL_ENABLE_DEBUG_INFO = INCLUDE_SOURCE;
				MTL_FAST_MATH = YES;
				ONLY_ACTIVE_ARCH = YES;
				SDKROOT = iphoneos;
				SWIFT_ACTIVE_COMPILATION_CONDITIONS = DEBUG;
				SWIFT_OPTIMIZATION_LEVEL = "-Onone";
			};
			name = Debug;
		};
		681E4A3D2A8B87350093FCD1 /* Release */ = {
			isa = XCBuildConfiguration;
			buildSettings = {
				ALWAYS_SEARCH_USER_PATHS = NO;
				CLANG_ANALYZER_NONNULL = YES;
				CLANG_ANALYZER_NUMBER_OBJECT_CONVERSION = YES_AGGRESSIVE;
				CLANG_CXX_LANGUAGE_STANDARD = "gnu++20";
				CLANG_ENABLE_MODULES = YES;
				CLANG_ENABLE_OBJC_ARC = YES;
				CLANG_ENABLE_OBJC_WEAK = YES;
				CLANG_WARN_BLOCK_CAPTURE_AUTORELEASING = YES;
				CLANG_WARN_BOOL_CONVERSION = YES;
				CLANG_WARN_COMMA = YES;
				CLANG_WARN_CONSTANT_CONVERSION = YES;
				CLANG_WARN_DEPRECATED_OBJC_IMPLEMENTATIONS = YES;
				CLANG_WARN_DIRECT_OBJC_ISA_USAGE = YES_ERROR;
				CLANG_WARN_DOCUMENTATION_COMMENTS = YES;
				CLANG_WARN_EMPTY_BODY = YES;
				CLANG_WARN_ENUM_CONVERSION = YES;
				CLANG_WARN_INFINITE_RECURSION = YES;
				CLANG_WARN_INT_CONVERSION = YES;
				CLANG_WARN_NON_LITERAL_NULL_CONVERSION = YES;
				CLANG_WARN_OBJC_IMPLICIT_RETAIN_SELF = YES;
				CLANG_WARN_OBJC_LITERAL_CONVERSION = YES;
				CLANG_WARN_OBJC_ROOT_CLASS = YES_ERROR;
				CLANG_WARN_QUOTED_INCLUDE_IN_FRAMEWORK_HEADER = YES;
				CLANG_WARN_RANGE_LOOP_ANALYSIS = YES;
				CLANG_WARN_STRICT_PROTOTYPES = YES;
				CLANG_WARN_SUSPICIOUS_MOVE = YES;
				CLANG_WARN_UNGUARDED_AVAILABILITY = YES_AGGRESSIVE;
				CLANG_WARN_UNREACHABLE_CODE = YES;
				CLANG_WARN__DUPLICATE_METHOD_MATCH = YES;
				COPY_PHASE_STRIP = NO;
				DEBUG_INFORMATION_FORMAT = "dwarf-with-dsym";
				ENABLE_NS_ASSERTIONS = NO;
				ENABLE_STRICT_OBJC_MSGSEND = YES;
				GCC_C_LANGUAGE_STANDARD = gnu11;
				GCC_NO_COMMON_BLOCKS = YES;
				GCC_WARN_64_TO_32_BIT_CONVERSION = YES;
				GCC_WARN_ABOUT_RETURN_TYPE = YES_ERROR;
				GCC_WARN_UNDECLARED_SELECTOR = YES;
				GCC_WARN_UNINITIALIZED_AUTOS = YES_AGGRESSIVE;
				GCC_WARN_UNUSED_FUNCTION = YES;
				GCC_WARN_UNUSED_VARIABLE = YES;
				IPHONEOS_DEPLOYMENT_TARGET = 16.1;
				MTL_ENABLE_DEBUG_INFO = NO;
				MTL_FAST_MATH = YES;
				SDKROOT = iphoneos;
				SWIFT_COMPILATION_MODE = wholemodule;
				SWIFT_OPTIMIZATION_LEVEL = "-O";
				VALIDATE_PRODUCT = YES;
			};
			name = Release;
		};
		681E4A3F2A8B87350093FCD1 /* Debug */ = {
			isa = XCBuildConfiguration;
			buildSettings = {
				ASSETCATALOG_COMPILER_APPICON_NAME = AppIcon;
				ASSETCATALOG_COMPILER_GLOBAL_ACCENT_COLOR_NAME = AccentColor;
				CODE_SIGN_STYLE = Automatic;
				CURRENT_PROJECT_VERSION = 1;
				GENERATE_INFOPLIST_FILE = YES;
				INFOPLIST_FILE = DeliveryCompany/Info.plist;
				INFOPLIST_KEY_UIApplicationSupportsIndirectInputEvents = YES;
				INFOPLIST_KEY_UILaunchStoryboardName = LaunchScreen.storyboard;
				INFOPLIST_KEY_UISupportedInterfaceOrientations = UIInterfaceOrientationPortrait;
				INFOPLIST_KEY_UISupportedInterfaceOrientations_iPad = "UIInterfaceOrientationLandscapeLeft UIInterfaceOrientationLandscapeRight UIInterfaceOrientationPortrait UIInterfaceOrientationPortraitUpsideDown";
				LD_RUNPATH_SEARCH_PATHS = (
					"$(inherited)",
					"@executable_path/Frameworks",
				);
				MARKETING_VERSION = 1.0;
				PRODUCT_BUNDLE_IDENTIFIER = com.test.DeliveryCompany;
				PRODUCT_NAME = "$(TARGET_NAME)";
				SUPPORTED_PLATFORMS = "iphoneos iphonesimulator";
				SUPPORTS_MACCATALYST = NO;
				SUPPORTS_MAC_DESIGNED_FOR_IPHONE_IPAD = NO;
				SWIFT_EMIT_LOC_STRINGS = YES;
				SWIFT_VERSION = 5.0;
				TARGETED_DEVICE_FAMILY = 1;
			};
			name = Debug;
		};
		681E4A402A8B87350093FCD1 /* Release */ = {
			isa = XCBuildConfiguration;
			buildSettings = {
				ASSETCATALOG_COMPILER_APPICON_NAME = AppIcon;
				ASSETCATALOG_COMPILER_GLOBAL_ACCENT_COLOR_NAME = AccentColor;
				CODE_SIGN_STYLE = Automatic;
				CURRENT_PROJECT_VERSION = 1;
				GENERATE_INFOPLIST_FILE = YES;
				INFOPLIST_FILE = DeliveryCompany/Info.plist;
				INFOPLIST_KEY_UIApplicationSupportsIndirectInputEvents = YES;
				INFOPLIST_KEY_UILaunchStoryboardName = LaunchScreen.storyboard;
				INFOPLIST_KEY_UISupportedInterfaceOrientations = UIInterfaceOrientationPortrait;
				INFOPLIST_KEY_UISupportedInterfaceOrientations_iPad = "UIInterfaceOrientationLandscapeLeft UIInterfaceOrientationLandscapeRight UIInterfaceOrientationPortrait UIInterfaceOrientationPortraitUpsideDown";
				LD_RUNPATH_SEARCH_PATHS = (
					"$(inherited)",
					"@executable_path/Frameworks",
				);
				MARKETING_VERSION = 1.0;
				PRODUCT_BUNDLE_IDENTIFIER = com.test.DeliveryCompany;
				PRODUCT_NAME = "$(TARGET_NAME)";
				SUPPORTED_PLATFORMS = "iphoneos iphonesimulator";
				SUPPORTS_MACCATALYST = NO;
				SUPPORTS_MAC_DESIGNED_FOR_IPHONE_IPAD = NO;
				SWIFT_EMIT_LOC_STRINGS = YES;
				SWIFT_VERSION = 5.0;
				TARGETED_DEVICE_FAMILY = 1;
			};
			name = Release;
		};
		68CB82E82A8F6FB300EAB2B8 /* Debug */ = {
			isa = XCBuildConfiguration;
			buildSettings = {
				BUNDLE_LOADER = "$(TEST_HOST)";
				CODE_SIGN_STYLE = Automatic;
				CURRENT_PROJECT_VERSION = 1;
				GENERATE_INFOPLIST_FILE = YES;
				MARKETING_VERSION = 1.0;
				PRODUCT_BUNDLE_IDENTIFIER = com.test.DeliveryCompanyTests;
				PRODUCT_NAME = "$(TARGET_NAME)";
				SWIFT_EMIT_LOC_STRINGS = NO;
				SWIFT_VERSION = 5.0;
				TARGETED_DEVICE_FAMILY = "1,2";
				TEST_HOST = "$(BUILT_PRODUCTS_DIR)/DeliveryCompany.app/$(BUNDLE_EXECUTABLE_FOLDER_PATH)/DeliveryCompany";
			};
			name = Debug;
		};
		68CB82E92A8F6FB300EAB2B8 /* Release */ = {
			isa = XCBuildConfiguration;
			buildSettings = {
				BUNDLE_LOADER = "$(TEST_HOST)";
				CODE_SIGN_STYLE = Automatic;
				CURRENT_PROJECT_VERSION = 1;
				GENERATE_INFOPLIST_FILE = YES;
				MARKETING_VERSION = 1.0;
				PRODUCT_BUNDLE_IDENTIFIER = com.test.DeliveryCompanyTests;
				PRODUCT_NAME = "$(TARGET_NAME)";
				SWIFT_EMIT_LOC_STRINGS = NO;
				SWIFT_VERSION = 5.0;
				TARGETED_DEVICE_FAMILY = "1,2";
				TEST_HOST = "$(BUILT_PRODUCTS_DIR)/DeliveryCompany.app/$(BUNDLE_EXECUTABLE_FOLDER_PATH)/DeliveryCompany";
			};
			name = Release;
		};
/* End XCBuildConfiguration section */

/* Begin XCConfigurationList section */
		681E4A252A8B87340093FCD1 /* Build configuration list for PBXProject "DeliveryCompany" */ = {
			isa = XCConfigurationList;
			buildConfigurations = (
				681E4A3C2A8B87350093FCD1 /* Debug */,
				681E4A3D2A8B87350093FCD1 /* Release */,
			);
			defaultConfigurationIsVisible = 0;
			defaultConfigurationName = Release;
		};
		681E4A3E2A8B87350093FCD1 /* Build configuration list for PBXNativeTarget "DeliveryCompany" */ = {
			isa = XCConfigurationList;
			buildConfigurations = (
				681E4A3F2A8B87350093FCD1 /* Debug */,
				681E4A402A8B87350093FCD1 /* Release */,
			);
			defaultConfigurationIsVisible = 0;
			defaultConfigurationName = Release;
		};
		68CB82E72A8F6FB300EAB2B8 /* Build configuration list for PBXNativeTarget "DeliveryCompanyTests" */ = {
			isa = XCConfigurationList;
			buildConfigurations = (
				68CB82E82A8F6FB300EAB2B8 /* Debug */,
				68CB82E92A8F6FB300EAB2B8 /* Release */,
			);
			defaultConfigurationIsVisible = 0;
			defaultConfigurationName = Release;
		};
/* End XCConfigurationList section */

/* Begin XCRemoteSwiftPackageReference section */
		68CB82A42A8CD6FD00EAB2B8 /* XCRemoteSwiftPackageReference "SDWebImage" */ = {
			isa = XCRemoteSwiftPackageReference;
			repositoryURL = "https://github.com/SDWebImage/SDWebImage";
			requirement = {
				kind = upToNextMajorVersion;
				minimumVersion = 5.0.0;
			};
		};
		68CB82AF2A8DFEEB00EAB2B8 /* XCRemoteSwiftPackageReference "realm-swift" */ = {
			isa = XCRemoteSwiftPackageReference;
			repositoryURL = "https://github.com/realm/realm-swift.git";
			requirement = {
				branch = master;
				kind = branch;
			};
		};
/* End XCRemoteSwiftPackageReference section */

/* Begin XCSwiftPackageProductDependency section */
		68CB82A52A8CD6FD00EAB2B8 /* SDWebImage */ = {
			isa = XCSwiftPackageProductDependency;
			package = 68CB82A42A8CD6FD00EAB2B8 /* XCRemoteSwiftPackageReference "SDWebImage" */;
			productName = SDWebImage;
		};
		68CB82B02A8DFEEB00EAB2B8 /* Realm */ = {
			isa = XCSwiftPackageProductDependency;
			package = 68CB82AF2A8DFEEB00EAB2B8 /* XCRemoteSwiftPackageReference "realm-swift" */;
			productName = Realm;
		};
		68CB82B22A8DFEEB00EAB2B8 /* RealmSwift */ = {
			isa = XCSwiftPackageProductDependency;
			package = 68CB82AF2A8DFEEB00EAB2B8 /* XCRemoteSwiftPackageReference "realm-swift" */;
			productName = RealmSwift;
		};
		68CB82EB2A8F6FCF00EAB2B8 /* Realm */ = {
			isa = XCSwiftPackageProductDependency;
			package = 68CB82AF2A8DFEEB00EAB2B8 /* XCRemoteSwiftPackageReference "realm-swift" */;
			productName = Realm;
		};
		68CB82ED2A8F6FCF00EAB2B8 /* RealmSwift */ = {
			isa = XCSwiftPackageProductDependency;
			package = 68CB82AF2A8DFEEB00EAB2B8 /* XCRemoteSwiftPackageReference "realm-swift" */;
			productName = RealmSwift;
		};
		68CB82F22A8F702700EAB2B8 /* SDWebImage */ = {
			isa = XCSwiftPackageProductDependency;
			package = 68CB82A42A8CD6FD00EAB2B8 /* XCRemoteSwiftPackageReference "SDWebImage" */;
			productName = SDWebImage;
		};
		68CB82F42A8F702700EAB2B8 /* SDWebImageMapKit */ = {
			isa = XCSwiftPackageProductDependency;
			package = 68CB82A42A8CD6FD00EAB2B8 /* XCRemoteSwiftPackageReference "SDWebImage" */;
			productName = SDWebImageMapKit;
		};
/* End XCSwiftPackageProductDependency section */
	};
	rootObject = 681E4A222A8B87340093FCD1 /* Project object */;
}
